
Microsoft Visual Studio Solution File, Format Version 12.00
# Visual Studio Version 17
VisualStudioVersion = 17.0.31903.59
MinimumVisualStudioVersion = 10.0.40219.1
Project("{9A19103F-16F7-4668-BE54-9A1E7A4F7556}") = "Cli", "src\Cli\Cli.csproj", "{1F0C7EDE-7A0A-424B-86F6-AA3DF6182EAC}"
EndProject
Global
	GlobalSection(SolutionConfigurationPlatforms) = preSolution
		Debug|Any CPU = Debug|Any CPU
		Release|Any CPU = Release|Any CPU
	EndGlobalSection
	GlobalSection(ProjectConfigurationPlatforms) = postSolution
		{1F0C7EDE-7A0A-424B-86F6-AA3DF6182EAC}.Debug|Any CPU.ActiveCfg = Debug|Any CPU
		{1F0C7EDE-7A0A-424B-86F6-AA3DF6182EAC}.Debug|Any CPU.Build.0 = Debug|Any CPU
		{1F0C7EDE-7A0A-424B-86F6-AA3DF6182EAC}.Release|Any CPU.ActiveCfg = Release|Any CPU
		{1F0C7EDE-7A0A-424B-86F6-AA3DF6182EAC}.Release|Any CPU.Build.0 = Release|Any CPU
	EndGlobalSection
	GlobalSection(SolutionProperties) = preSolution
		HideSolutionNode = FALSE
	EndGlobalSection
	GlobalSection(ExtensibilityGlobals) = postSolution
		SolutionGuid = {5EB7A1B7-9CCF-4007-B220-C2527D2678DC}
	EndGlobalSection
EndGlobal
